// !$*UTF8*$!
{
	archiveVersion = 1;
	classes = {
	};
	objectVersion = 46;
	objects = {

/* Begin PBXBuildFile section */
		4557B8D01D5B521500652547 /* AppDelegate.swift in Sources */ = {isa = PBXBuildFile; fileRef = 4557B8CF1D5B521500652547 /* AppDelegate.swift */; };
		4557B8D21D5B521500652547 /* ViewController.swift in Sources */ = {isa = PBXBuildFile; fileRef = 4557B8D11D5B521500652547 /* ViewController.swift */; };
		4557B8D51D5B521500652547 /* Main.storyboard in Resources */ = {isa = PBXBuildFile; fileRef = 4557B8D31D5B521500652547 /* Main.storyboard */; };
		4557B8D71D5B521500652547 /* Assets.xcassets in Resources */ = {isa = PBXBuildFile; fileRef = 4557B8D61D5B521500652547 /* Assets.xcassets */; };
		4557B8DA1D5B521500652547 /* LaunchScreen.storyboard in Resources */ = {isa = PBXBuildFile; fileRef = 4557B8D81D5B521500652547 /* LaunchScreen.storyboard */; };
		4557B8E31D5B551200652547 /* InfinteTableViewCell.swift in Sources */ = {isa = PBXBuildFile; fileRef = 4557B8E21D5B551200652547 /* InfinteTableViewCell.swift */; };
		4557B8E51D5B642D00652547 /* InfiniteTable.swift in Sources */ = {isa = PBXBuildFile; fileRef = 4557B8E41D5B642D00652547 /* InfiniteTable.swift */; };
/* End PBXBuildFile section */

/* Begin PBXFileReference section */
		4557B8CC1D5B521500652547 /* InfinteScroll.app */ = {isa = PBXFileReference; explicitFileType = wrapper.application; includeInIndex = 0; path = InfinteScroll.app; sourceTree = BUILT_PRODUCTS_DIR; };
		4557B8CF1D5B521500652547 /* AppDelegate.swift */ = {isa = PBXFileReference; lastKnownFileType = sourcecode.swift; path = AppDelegate.swift; sourceTree = "<group>"; };
		4557B8D11D5B521500652547 /* ViewController.swift */ = {isa = PBXFileReference; lastKnownFileType = sourcecode.swift; path = ViewController.swift; sourceTree = "<group>"; };
		4557B8D41D5B521500652547 /* Base */ = {isa = PBXFileReference; lastKnownFileType = file.storyboard; name = Base; path = Base.lproj/Main.storyboard; sourceTree = "<group>"; };
		4557B8D61D5B521500652547 /* Assets.xcassets */ = {isa = PBXFileReference; lastKnownFileType = folder.assetcatalog; path = Assets.xcassets; sourceTree = "<group>"; };
		4557B8D91D5B521500652547 /* Base */ = {isa = PBXFileReference; lastKnownFileType = file.storyboard; name = Base; path = Base.lproj/LaunchScreen.storyboard; sourceTree = "<group>"; };
		4557B8DB1D5B521500652547 /* Info.plist */ = {isa = PBXFileReference; lastKnownFileType = text.plist.xml; path = Info.plist; sourceTree = "<group>"; };
		4557B8E21D5B551200652547 /* InfinteTableViewCell.swift */ = {isa = PBXFileReference; fileEncoding = 4; lastKnownFileType = sourcecode.swift; path = InfinteTableViewCell.swift; sourceTree = "<group>"; };
		4557B8E41D5B642D00652547 /* InfiniteTable.swift */ = {isa = PBXFileReference; fileEncoding = 4; lastKnownFileType = sourcecode.swift; path = InfiniteTable.swift; sourceTree = "<group>"; };
/* End PBXFileReference section */

/* Begin PBXFrameworksBuildPhase section */
		4557B8C91D5B521500652547 /* Frameworks */ = {
			isa = PBXFrameworksBuildPhase;
			buildActionMask = 2147483647;
			files = (
			);
			runOnlyForDeploymentPostprocessing = 0;
		};
/* End PBXFrameworksBuildPhase section */

/* Begin PBXGroup section */
		4557B8C31D5B521500652547 = {
			isa = PBXGroup;
			children = (
				4557B8CE1D5B521500652547 /* InfinteScroll */,
				4557B8CD1D5B521500652547 /* Products */,
			);
			sourceTree = "<group>";
		};
		4557B8CD1D5B521500652547 /* Products */ = {
			isa = PBXGroup;
			children = (
				4557B8CC1D5B521500652547 /* InfinteScroll.app */,
			);
			name = Products;
			sourceTree = "<group>";
		};
		4557B8CE1D5B521500652547 /* InfinteScroll */ = {
			isa = PBXGroup;
			children = (
				4557B8CF1D5B521500652547 /* AppDelegate.swift */,
				4557B8D11D5B521500652547 /* ViewController.swift */,
				4557B8E11D5B54F100652547 /* TableviewCell */,
				4557B8D31D5B521500652547 /* Main.storyboard */,
				4557B8D61D5B521500652547 /* Assets.xcassets */,
				4557B8D81D5B521500652547 /* LaunchScreen.storyboard */,
				4557B8DB1D5B521500652547 /* Info.plist */,
			);
			path = InfinteScroll;
			sourceTree = "<group>";
		};
		4557B8E11D5B54F100652547 /* TableviewCell */ = {
			isa = PBXGroup;
			children = (
				4557B8E21D5B551200652547 /* InfinteTableViewCell.swift */,
				4557B8E41D5B642D00652547 /* InfiniteTable.swift */,
			);
			name = TableviewCell;
			sourceTree = "<group>";
		};
/* End PBXGroup section */

/* Begin PBXNativeTarget section */
		4557B8CB1D5B521500652547 /* InfinteScroll */ = {
			isa = PBXNativeTarget;
			buildConfigurationList = 4557B8DE1D5B521500652547 /* Build configuration list for PBXNativeTarget "InfinteScroll" */;
			buildPhases = (
				4557B8C81D5B521500652547 /* Sources */,
				4557B8C91D5B521500652547 /* Frameworks */,
				4557B8CA1D5B521500652547 /* Resources */,
			);
			buildRules = (
			);
			dependencies = (
			);
			name = InfinteScroll;
			productName = InfinteScroll;
			productReference = 4557B8CC1D5B521500652547 /* InfinteScroll.app */;
			productType = "com.apple.product-type.application";
		};
/* End PBXNativeTarget section */

/* Begin PBXProject section */
		4557B8C41D5B521500652547 /* Project object */ = {
			isa = PBXProject;
			attributes = {
				LastSwiftUpdateCheck = 0730;
				LastUpgradeCheck = 0730;
				ORGANIZATIONNAME = "vijayvir Singh";
				TargetAttributes = {
					4557B8CB1D5B521500652547 = {
						CreatedOnToolsVersion = 7.3.1;
					};
				};
			};
			buildConfigurationList = 4557B8C71D5B521500652547 /* Build configuration list for PBXProject "InfinteScroll" */;
			compatibilityVersion = "Xcode 3.2";
			developmentRegion = English;
			hasScannedForEncodings = 0;
			knownRegions = (
				en,
				Base,
			);
			mainGroup = 4557B8C31D5B521500652547;
			productRefGroup = 4557B8CD1D5B521500652547 /* Products */;
			projectDirPath = "";
			projectRoot = "";
			targets = (
				4557B8CB1D5B521500652547 /* InfinteScroll */,
			);
		};
/* End PBXProject section */

/* Begin PBXResourcesBuildPhase section */
		4557B8CA1D5B521500652547 /* Resources */ = {
			isa = PBXResourcesBuildPhase;
			buildActionMask = 2147483647;
			files = (
				4557B8DA1D5B521500652547 /* LaunchScreen.storyboard in Resources */,
				4557B8D71D5B521500652547 /* Assets.xcassets in Resources */,
				4557B8D51D5B521500652547 /* Main.storyboard in Resources */,
			);
			runOnlyForDeploymentPostprocessing = 0;
		};
/* End PBXResourcesBuildPhase section */

/* Begin PBXSourcesBuildPhase section */
		4557B8C81D5B521500652547 /* Sources */ = {
			isa = PBXSourcesBuildPhase;
			buildActionMask = 2147483647;
			files = (
				4557B8E51D5B642D00652547 /* InfiniteTable.swift in Sources */,
				4557B8D21D5B521500652547 /* ViewController.swift in Sources */,
				4557B8D01D5B521500652547 /* AppDelegate.swift in Sources */,
				4557B8E31D5B551200652547 /* InfinteTableViewCell.swift in Sources */,
			);
			runOnlyForDeploymentPostprocessing = 0;
		};
/* End PBXSourcesBuildPhase section */

/* Begin PBXVariantGroup section */
		4557B8D31D5B521500652547 /* Main.storyboard */ = {
			isa = PBXVariantGroup;
			children = (
				4557B8D41D5B521500652547 /* Base */,
			);
			name = Main.storyboard;
			sourceTree = "<group>";
		};
		4557B8D81D5B521500652547 /* LaunchScreen.storyboard */ = {
			isa = PBXVariantGroup;
			children = (
				4557B8D91D5B521500652547 /* Base */,
			);
			name = LaunchScreen.storyboard;
			sourceTree = "<group>";
		};
/* End PBXVariantGroup section */

/* Begin XCBuildConfiguration section */
		4557B8DC1D5B521500652547 /* Debug */ = {
			isa = XCBuildConfiguration;
			buildSettings = {
				ALWAYS_SEARCH_USER_PATHS = NO;
				CLANG_ANALYZER_NONNULL = YES;
				CLANG_CXX_LANGUAGE_STANDARD = "gnu++0x";
				CLANG_CXX_LIBRARY = "libc++";
				CLANG_ENABLE_MODULES = YES;
				CLANG_ENABLE_OBJC_ARC = YES;
				CLANG_WARN_BOOL_CONVERSION = YES;
				CLANG_WARN_CONSTANT_CONVERSION = YES;
				CLANG_WARN_DIRECT_OBJC_ISA_USAGE = YES_ERROR;
				CLANG_WARN_EMPTY_BODY = YES;
				CLANG_WARN_ENUM_CONVERSION = YES;
				CLANG_WARN_INT_CONVERSION = YES;
				CLANG_WARN_OBJC_ROOT_CLASS = YES_ERROR;
				CLANG_WARN_UNREACHABLE_CODE = YES;
				CLANG_WARN__DUPLICATE_METHOD_MATCH = YES;
				"CODE_SIGN_IDENTITY[sdk=iphoneos*]" = "iPhone Developer";
				COPY_PHASE_STRIP = NO;
				DEBUG_INFORMATION_FORMAT = dwarf;
				ENABLE_STRICT_OBJC_MSGSEND = YES;
				ENABLE_TESTABILITY = YES;
				GCC_C_LANGUAGE_STANDARD = gnu99;
				GCC_DYNAMIC_NO_PIC = NO;
				GCC_NO_COMMON_BLOCKS = YES;
				GCC_OPTIMIZATION_LEVEL = 0;
				GCC_PREPROCESSOR_DEFINITIONS = (
					"DEBUG=1",
					"$(inherited)",
				);
				GCC_WARN_64_TO_32_BIT_CONVERSION = YES;
				GCC_WARN_ABOUT_RETURN_TYPE = YES_ERROR;
				GCC_WARN_UNDECLARED_SELECTOR = YES;
				GCC_WARN_UNINITIALIZED_AUTOS = YES_AGGRESSIVE;
				GCC_WARN_UNUSED_FUNCTION = YES;
				GCC_WARN_UNUSED_VARIABLE = YES;
				IPHONEOS_DEPLOYMENT_TARGET = 9.3;
				MTL_ENABLE_DEBUG_INFO = YES;
				ONLY_ACTIVE_ARCH = YES;
				SDKROOT = iphoneos;
				SWIFT_OPTIMIZATION_LEVEL = "-Onone";
			};
			name = Debug;
		};
		4557B8DD1D5B521500652547 /* Release */ = {
			isa = XCBuildConfiguration;
			buildSettings = {
				ALWAYS_SEARCH_USER_PATHS = NO;
				CLANG_ANALYZER_NONNULL = YES;
				CLANG_CXX_LANGUAGE_STANDARD = "gnu++0x";
				CLANG_CXX_LIBRARY = "libc++";
				CLANG_ENABLE_MODULES = YES;
				CLANG_ENABLE_OBJC_ARC = YES;
				CLANG_WARN_BOOL_CONVERSION = YES;
				CLANG_WARN_CONSTANT_CONVERSION = YES;
				CLANG_WARN_DIRECT_OBJC_ISA_USAGE = YES_ERROR;
				CLANG_WARN_EMPTY_BODY = YES;
				CLANG_WARN_ENUM_CONVERSION = YES;
				CLANG_WARN_INT_CONVERSION = YES;
				CLANG_WARN_OBJC_ROOT_CLASS = YES_ERROR;
				CLANG_WARN_UNREACHABLE_CODE = YES;
				CLANG_WARN__DUPLICATE_METHOD_MATCH = YES;
				"CODE_SIGN_IDENTITY[sdk=iphoneos*]" = "iPhone Developer";
				COPY_PHASE_STRIP = NO;
				DEBUG_INFORMATION_FORMAT = "dwarf-with-dsym";
				ENABLE_NS_ASSERTIONS = NO;
				ENABLE_STRICT_OBJC_MSGSEND = YES;
				GCC_C_LANGUAGE_STANDARD = gnu99;
				GCC_NO_COMMON_BLOCKS = YES;
				GCC_WARN_64_TO_32_BIT_CONVERSION = YES;
				GCC_WARN_ABOUT_RETURN_TYPE = YES_ERROR;
				GCC_WARN_UNDECLARED_SELECTOR = YES;
				GCC_WARN_UNINITIALIZED_AUTOS = YES_AGGRESSIVE;
				GCC_WARN_UNUSED_FUNCTION = YES;
				GCC_WARN_UNUSED_VARIABLE = YES;
				IPHONEOS_DEPLOYMENT_TARGET = 9.3;
				MTL_ENABLE_DEBUG_INFO = NO;
				SDKROOT = iphoneos;
				VALIDATE_PRODUCT = YES;
			};
			name = Release;
		};
		4557B8DF1D5B521500652547 /* Debug */ = {
			isa = XCBuildConfiguration;
			buildSettings = {
				ASSETCATALOG_COMPILER_APPICON_NAME = AppIcon;
				INFOPLIST_FILE = InfinteScroll/Info.plist;
				LD_RUNPATH_SEARCH_PATHS = "$(inherited) @executable_path/Frameworks";
				PRODUCT_BUNDLE_IDENTIFIER = com.Poplify.InfinteScroll;
				PRODUCT_NAME = "$(TARGET_NAME)";
			};
			name = Debug;
		};
		4557B8E01D5B521500652547 /* Release */ = {
			isa = XCBuildConfiguration;
			buildSettings = {
				ASSETCATALOG_COMPILER_APPICON_NAME = AppIcon;
				INFOPLIST_FILE = InfinteScroll/Info.plist;
				LD_RUNPATH_SEARCH_PATHS = "$(inherited) @executable_path/Frameworks";
				PRODUCT_BUNDLE_IDENTIFIER = com.Poplify.InfinteScroll;
				PRODUCT_NAME = "$(TARGET_NAME)";
			};
			name = Release;
		};
/* End XCBuildConfiguration section */

/* Begin XCConfigurationList section */
		4557B8C71D5B521500652547 /* Build configuration list for PBXProject "InfinteScroll" */ = {
			isa = XCConfigurationList;
			buildConfigurations = (
				4557B8DC1D5B521500652547 /* Debug */,
				4557B8DD1D5B521500652547 /* Release */,
			);
			defaultConfigurationIsVisible = 0;
			defaultConfigurationName = Release;
		};
		4557B8DE1D5B521500652547 /* Build configuration list for PBXNativeTarget "InfinteScroll" */ = {
			isa = XCConfigurationList;
			buildConfigurations = (
				4557B8DF1D5B521500652547 /* Debug */,
				4557B8E01D5B521500652547 /* Release */,
			);
			defaultConfigurationIsVisible = 0;
		};
/* End XCConfigurationList section */
	};
	rootObject = 4557B8C41D5B521500652547 /* Project object */;
}
